
Microsoft Visual Studio Solution File, Format Version 12.00
# Visual Studio Version 17
VisualStudioVersion = 17.0.32126.317
MinimumVisualStudioVersion = 10.0.40219.1
Project("{FAE04EC0-301F-11D3-BF4B-00C04F79EFBC}") = "stringfromatter.core", "spp-lab5\stringfromatter.core.csproj", "{F1C85EAE-5D2F-4BBD-8188-8D07E708BDEB}"
EndProject
Global
	GlobalSection(SolutionConfigurationPlatforms) = preSolution
		Debug|Any CPU = Debug|Any CPU
		Release|Any CPU = Release|Any CPU
	EndGlobalSection
	GlobalSection(ProjectConfigurationPlatforms) = postSolution
		{F1C85EAE-5D2F-4BBD-8188-8D07E708BDEB}.Debug|Any CPU.ActiveCfg = Debug|Any CPU
		{F1C85EAE-5D2F-4BBD-8188-8D07E708BDEB}.Debug|Any CPU.Build.0 = Debug|Any CPU
		{F1C85EAE-5D2F-4BBD-8188-8D07E708BDEB}.Release|Any CPU.ActiveCfg = Release|Any CPU
		{F1C85EAE-5D2F-4BBD-8188-8D07E708BDEB}.Release|Any CPU.Build.0 = Release|Any CPU
	EndGlobalSection
	GlobalSection(SolutionProperties) = preSolution
		HideSolutionNode = FALSE
	EndGlobalSection
	GlobalSection(ExtensibilityGlobals) = postSolution
		SolutionGuid = {B5AFC2C9-1665-477F-8B9A-DC470170018F}
	EndGlobalSection
EndGlobal
